
Microsoft Visual Studio Solution File, Format Version 12.00
# Visual Studio Version 17
VisualStudioVersion = 17.5.33414.496
MinimumVisualStudioVersion = 10.0.40219.1
Project("{9A19103F-16F7-4668-BE54-9A1E7A4F7556}") = "DayZ Object Mover", "DayZ Object Mover\DayZ Object Mover.csproj", "{59647E07-CC7F-4CC3-977E-7F55A0DB42D2}"
EndProject
Global
	GlobalSection(SolutionConfigurationPlatforms) = preSolution
		Debug|Any CPU = Debug|Any CPU
		Release|Any CPU = Release|Any CPU
	EndGlobalSection
	GlobalSection(ProjectConfigurationPlatforms) = postSolution
		{59647E07-CC7F-4CC3-977E-7F55A0DB42D2}.Debug|Any CPU.ActiveCfg = Debug|Any CPU
		{59647E07-CC7F-4CC3-977E-7F55A0DB42D2}.Debug|Any CPU.Build.0 = Debug|Any CPU
		{59647E07-CC7F-4CC3-977E-7F55A0DB42D2}.Release|Any CPU.ActiveCfg = Release|Any CPU
		{59647E07-CC7F-4CC3-977E-7F55A0DB42D2}.Release|Any CPU.Build.0 = Release|Any CPU
	EndGlobalSection
	GlobalSection(SolutionProperties) = preSolution
		HideSolutionNode = FALSE
	EndGlobalSection
	GlobalSection(ExtensibilityGlobals) = postSolution
		SolutionGuid = {CB19BBBE-B011-4870-8462-435FDA589337}
	EndGlobalSection
EndGlobal
